Microsoft Visual Studio Solution File, Format Version 12.00
# Visual Studio Version 17
VisualStudioVersion = 17.5.2.0
MinimumVisualStudioVersion = 10.0.40219.1
Project("{FAE04EC0-301F-11D3-BF4B-00C04F79EFBC}") = "Timeleft", "Timeleft.csproj", "{A45C14D3-6193-25C0-991B-24ED368E133F}"
EndProject
Global
	GlobalSection(SolutionConfigurationPlatforms) = preSolution
		Debug|Any CPU = Debug|Any CPU
		Release|Any CPU = Release|Any CPU
	EndGlobalSection
	GlobalSection(ProjectConfigurationPlatforms) = postSolution
		{A45C14D3-6193-25C0-991B-24ED368E133F}.Debug|Any CPU.ActiveCfg = Debug|Any CPU
		{A45C14D3-6193-25C0-991B-24ED368E133F}.Debug|Any CPU.Build.0 = Debug|Any CPU
		{A45C14D3-6193-25C0-991B-24ED368E133F}.Release|Any CPU.ActiveCfg = Release|Any CPU
		{A45C14D3-6193-25C0-991B-24ED368E133F}.Release|Any CPU.Build.0 = Release|Any CPU
	EndGlobalSection
	GlobalSection(SolutionProperties) = preSolution
		HideSolutionNode = FALSE
	EndGlobalSection
	GlobalSection(ExtensibilityGlobals) = postSolution
		SolutionGuid = {EF9B3049-8021-4144-8635-322E08560308}
	EndGlobalSection
EndGlobal
